
Microsoft Visual Studio Solution File, Format Version 12.00
# Visual Studio Version 17
VisualStudioVersion = 17.6.33829.357
MinimumVisualStudioVersion = 10.0.40219.1
Project("{9A19103F-16F7-4668-BE54-9A1E7A4F7556}") = "ACSVisualization", "ACSVisualization.csproj", "{60A87A08-0FFF-4E07-AA4C-28A982635FA9}"
EndProject
Global
	GlobalSection(SolutionConfigurationPlatforms) = preSolution
		Debug|Any CPU = Debug|Any CPU
		Release|Any CPU = Release|Any CPU
	EndGlobalSection
	GlobalSection(ProjectConfigurationPlatforms) = postSolution
		{60A87A08-0FFF-4E07-AA4C-28A982635FA9}.Debug|Any CPU.ActiveCfg = Debug|Any CPU
		{60A87A08-0FFF-4E07-AA4C-28A982635FA9}.Debug|Any CPU.Build.0 = Debug|Any CPU
		{60A87A08-0FFF-4E07-AA4C-28A982635FA9}.Release|Any CPU.ActiveCfg = Release|Any CPU
		{60A87A08-0FFF-4E07-AA4C-28A982635FA9}.Release|Any CPU.Build.0 = Release|Any CPU
	EndGlobalSection
	GlobalSection(SolutionProperties) = preSolution
		HideSolutionNode = FALSE
	EndGlobalSection
	GlobalSection(ExtensibilityGlobals) = postSolution
		SolutionGuid = {1DB5FD5E-0644-4661-8A69-582787F459A2}
	EndGlobalSection
EndGlobal
